Microsoft Visual Studio Solution File, Format Version 12.00
# Visual Studio Version 17
VisualStudioVersion = 17.5.2.0
MinimumVisualStudioVersion = 10.0.40219.1
Project("{FAE04EC0-301F-11D3-BF4B-00C04F79EFBC}") = "Lab2", "Lab2\Lab2.csproj", "{F319D487-73D8-7112-8F5F-41EC036A539B}"
EndProject
Project("{FAE04EC0-301F-11D3-BF4B-00C04F79EFBC}") = "Lab3", "Lab3\Lab3.csproj", "{A957A483-6533-44D8-B1FD-F0FCB5D2F49B}"
EndProject
Project("{FAE04EC0-301F-11D3-BF4B-00C04F79EFBC}") = "Lab4", "Lab4\Lab4.csproj", "{71DD23C1-8883-4EB0-96F5-DCDB27B5E0E4}"
EndProject
Project("{FAE04EC0-301F-11D3-BF4B-00C04F79EFBC}") = "Lab5", "Lab5\Lab5.csproj", "{77ECC190-FBE1-42F0-A0A7-3C95E7218688}"
EndProject
Global
	GlobalSection(SolutionConfigurationPlatforms) = preSolution
		Debug|Any CPU = Debug|Any CPU
		Release|Any CPU = Release|Any CPU
	EndGlobalSection
	GlobalSection(ProjectConfigurationPlatforms) = postSolution
		{F319D487-73D8-7112-8F5F-41EC036A539B}.Debug|Any CPU.ActiveCfg = Debug|Any CPU
		{F319D487-73D8-7112-8F5F-41EC036A539B}.Debug|Any CPU.Build.0 = Debug|Any CPU
		{F319D487-73D8-7112-8F5F-41EC036A539B}.Release|Any CPU.ActiveCfg = Release|Any CPU
		{F319D487-73D8-7112-8F5F-41EC036A539B}.Release|Any CPU.Build.0 = Release|Any CPU
		{A957A483-6533-44D8-B1FD-F0FCB5D2F49B}.Debug|Any CPU.ActiveCfg = Debug|Any CPU
		{A957A483-6533-44D8-B1FD-F0FCB5D2F49B}.Debug|Any CPU.Build.0 = Debug|Any CPU
		{A957A483-6533-44D8-B1FD-F0FCB5D2F49B}.Release|Any CPU.ActiveCfg = Release|Any CPU
		{A957A483-6533-44D8-B1FD-F0FCB5D2F49B}.Release|Any CPU.Build.0 = Release|Any CPU
		{71DD23C1-8883-4EB0-96F5-DCDB27B5E0E4}.Debug|Any CPU.ActiveCfg = Debug|Any CPU
		{71DD23C1-8883-4EB0-96F5-DCDB27B5E0E4}.Debug|Any CPU.Build.0 = Debug|Any CPU
		{71DD23C1-8883-4EB0-96F5-DCDB27B5E0E4}.Release|Any CPU.ActiveCfg = Release|Any CPU
		{71DD23C1-8883-4EB0-96F5-DCDB27B5E0E4}.Release|Any CPU.Build.0 = Release|Any CPU
		{77ECC190-FBE1-42F0-A0A7-3C95E7218688}.Debug|Any CPU.ActiveCfg = Debug|Any CPU
		{77ECC190-FBE1-42F0-A0A7-3C95E7218688}.Debug|Any CPU.Build.0 = Debug|Any CPU
		{77ECC190-FBE1-42F0-A0A7-3C95E7218688}.Release|Any CPU.ActiveCfg = Release|Any CPU
		{77ECC190-FBE1-42F0-A0A7-3C95E7218688}.Release|Any CPU.Build.0 = Release|Any CPU
	EndGlobalSection
	GlobalSection(SolutionProperties) = preSolution
		HideSolutionNode = FALSE
	EndGlobalSection
	GlobalSection(ExtensibilityGlobals) = postSolution
		SolutionGuid = {F21D8E8E-2319-4F79-9FAE-1AE898C7ED44}
	EndGlobalSection
EndGlobal
